{
  "version": 4,
  "terraform_version": "1.2.1",
  "serial": 24,
  "lineage": "1f7e9de7-3e1d-3239-9c9f-fa4592b26e8d",
  "outputs": {
    "resource_group_location": {
      "value": "eastus",
      "type": "string"
    },
    "resource_group_name": {
      "value": "eis-dw-poc-rg",
      "type": "string"
    }
  },
  "resources": [
    {
      "mode": "data",
      "type": "azurerm_client_config",
      "name": "current",
      "provider": "provider[\"registry.terraform.io/hashicorp/azurerm\"]",
      "instances": [
        {
          "schema_version": 0,
          "attributes": {
            "client_id": "04b07795-8ddb-461a-bbee-02f9e1bf7b46",
            "id": "Y2xpZW50Q29uZmlncy9jbGllbnRJZD0wNGIwNzc5NS04ZGRiLTQ2MWEtYmJlZS0wMmY5ZTFiZjdiNDY7b2JqZWN0SWQ9YWQzNDEzZGItMzU3YS00Mjk0LTlkMDUtMTE0YTdkZDc2NWUyO3N1YnNjcmlwdGlvbklkPWMxNzUzY2VjLTg1MDktNGExZC04Y2ExLWNlNDQyYzEzNzVjMjt0ZW5hbnRJZD01NjM2ZTgzMS03M2U4LTQ3ZTEtYWZiMy0wNzU5YTYyOTE2NjA=",
            "object_id": "ad3413db-357a-4294-9d05-114a7dd765e2",
            "subscription_id": "c1753cec-8509-4a1d-8ca1-ce442c1375c2",
            "tenant_id": "5636e831-73e8-47e1-afb3-0759a6291660",
            "timeouts": null
          },
          "sensitive_attributes": []
        }
      ]
    },
    {
      "module": "module.Keyvault",
      "mode": "data",
      "type": "azurerm_client_config",
      "name": "current",
      "provider": "provider[\"registry.terraform.io/hashicorp/azurerm\"]",
      "instances": [
        {
          "schema_version": 0,
          "attributes": {
            "client_id": "04b07795-8ddb-461a-bbee-02f9e1bf7b46",
            "id": "Y2xpZW50Q29uZmlncy9jbGllbnRJZD0wNGIwNzc5NS04ZGRiLTQ2MWEtYmJlZS0wMmY5ZTFiZjdiNDY7b2JqZWN0SWQ9YWQzNDEzZGItMzU3YS00Mjk0LTlkMDUtMTE0YTdkZDc2NWUyO3N1YnNjcmlwdGlvbklkPWMxNzUzY2VjLTg1MDktNGExZC04Y2ExLWNlNDQyYzEzNzVjMjt0ZW5hbnRJZD01NjM2ZTgzMS03M2U4LTQ3ZTEtYWZiMy0wNzU5YTYyOTE2NjA=",
            "object_id": "ad3413db-357a-4294-9d05-114a7dd765e2",
            "subscription_id": "c1753cec-8509-4a1d-8ca1-ce442c1375c2",
            "tenant_id": "5636e831-73e8-47e1-afb3-0759a6291660",
            "timeouts": null
          },
          "sensitive_attributes": []
        }
      ]
    },
    {
      "module": "module.Keyvault",
      "mode": "managed",
      "type": "azurerm_key_vault",
      "name": "main",
      "provider": "provider[\"registry.terraform.io/hashicorp/azurerm\"]",
      "instances": [
        {
          "schema_version": 2,
          "attributes": {
            "access_policy": [
              {
                "application_id": "",
                "certificate_permissions": [
                  "Backup",
                  "Create",
                  "Delete",
                  "DeleteIssuers",
                  "Get",
                  "GetIssuers",
                  "Import",
                  "List",
                  "ListIssuers",
                  "ManageContacts",
                  "ManageIssuers",
                  "Purge",
                  "Recover",
                  "Restore",
                  "SetIssuers",
                  "Update"
                ],
                "key_permissions": [
                  "Create",
                  "Delete",
                  "Get",
                  "Backup",
                  "Decrypt",
                  "Encrypt",
                  "Import",
                  "List",
                  "Purge",
                  "Recover",
                  "Restore",
                  "Sign",
                  "Update",
                  "Verify"
                ],
                "object_id": "ad3413db-357a-4294-9d05-114a7dd765e2",
                "secret_permissions": [
                  "Backup",
                  "Delete",
                  "Get",
                  "List",
                  "Purge",
                  "Recover",
                  "Restore",
                  "Set"
                ],
                "storage_permissions": [
                  "Backup",
                  "Delete",
                  "DeleteSAS",
                  "Get",
                  "GetSAS",
                  "List",
                  "ListSAS",
                  "Purge",
                  "Recover",
                  "RegenerateKey",
                  "Restore",
                  "Set",
                  "SetSAS",
                  "Update"
                ],
                "tenant_id": "5636e831-73e8-47e1-afb3-0759a6291660"
              }
            ],
            "contact": [],
            "enable_rbac_authorization": false,
            "enabled_for_deployment": true,
            "enabled_for_disk_encryption": true,
            "enabled_for_template_deployment": true,
            "id": "/subscriptions/c1753cec-8509-4a1d-8ca1-ce442c1375c2/resourceGroups/eis-dw-poc-rg/providers/Microsoft.KeyVault/vaults/kv-xdeasdudhufsghkh",
            "location": "eastus",
            "name": "kv-xdeasdudhufsghkh",
            "network_acls": [
              {
                "bypass": "AzureServices",
                "default_action": "Allow",
                "ip_rules": [],
                "virtual_network_subnet_ids": []
              }
            ],
            "public_network_access_enabled": true,
            "purge_protection_enabled": false,
            "resource_group_name": "eis-dw-poc-rg",
            "sku_name": "premium",
            "soft_delete_retention_days": 90,
            "tags": {
              "BusinessUnit": "CORP",
              "Env": "dev",
              "Owner": "user@example.com",
              "ProjectName": "demo-project",
              "ServiceClass": "Gold"
            },
            "tenant_id": "5636e831-73e8-47e1-afb3-0759a6291660",
            "timeouts": null,
            "vault_uri": "https://kv-xdeasdudhufsghkh.vault.azure.net/"
          },
          "sensitive_attributes": [],
          "private": "eyJlMmJmYjczMC1lY2FhLTExZTYtOGY4OC0zNDM2M2JjN2M0YzAiOnsiY3JlYXRlIjoxODAwMDAwMDAwMDAwLCJkZWxldGUiOjE4MDAwMDAwMDAwMDAsInJlYWQiOjMwMDAwMDAwMDAwMCwidXBkYXRlIjoxODAwMDAwMDAwMDAwfSwic2NoZW1hX3ZlcnNpb24iOiIyIn0=",
          "dependencies": [
            "module.Keyvault.data.azurerm_client_config.current",
            "module.resource_groups.azurerm_resource_group.resource_group",
            "module.resource_groups.data.azurerm_resource_group.resource_group"
          ]
        }
      ]
    },
    {
      "module": "module.Keyvault",
      "mode": "managed",
      "type": "azurerm_key_vault_secret",
      "name": "keys",
      "provider": "provider[\"registry.terraform.io/hashicorp/azurerm\"]",
      "instances": [
        {
          "index_key": "message",
          "schema_version": 0,
          "attributes": {
            "content_type": "",
            "expiration_date": null,
            "id": "https://kv-xdeasdudhufsghkh.vault.azure.net/secrets/message/7194bee1a70644ec9e2acc6fe8d9e869",
            "key_vault_id": "/subscriptions/c1753cec-8509-4a1d-8ca1-ce442c1375c2/resourceGroups/eis-dw-poc-rg/providers/Microsoft.KeyVault/vaults/kv-xdeasdudhufsghkh",
            "name": "message",
            "not_before_date": null,
            "resource_id": "/subscriptions/c1753cec-8509-4a1d-8ca1-ce442c1375c2/resourceGroups/eis-dw-poc-rg/providers/Microsoft.KeyVault/vaults/kv-xdeasdudhufsghkh/secrets/message/versions/7194bee1a70644ec9e2acc6fe8d9e869",
            "resource_versionless_id": "/subscriptions/c1753cec-8509-4a1d-8ca1-ce442c1375c2/resourceGroups/eis-dw-poc-rg/providers/Microsoft.KeyVault/vaults/kv-xdeasdudhufsghkh/secrets/message",
            "tags": null,
            "timeouts": null,
            "value": "Hello, world!",
            "version": "7194bee1a70644ec9e2acc6fe8d9e869",
            "versionless_id": "https://kv-xdeasdudhufsghkh.vault.azure.net/secrets/message"
          },
          "sensitive_attributes": [],
          "private": "eyJlMmJmYjczMC1lY2FhLTExZTYtOGY4OC0zNDM2M2JjN2M0YzAiOnsiY3JlYXRlIjoxODAwMDAwMDAwMDAwLCJkZWxldGUiOjE4MDAwMDAwMDAwMDAsInJlYWQiOjE4MDAwMDAwMDAwMDAsInVwZGF0ZSI6MTgwMDAwMDAwMDAwMH19",
          "dependencies": [
            "module.Keyvault.azurerm_key_vault.main",
            "module.Keyvault.data.azurerm_client_config.current",
            "module.resource_groups.azurerm_resource_group.resource_group",
            "module.resource_groups.data.azurerm_resource_group.resource_group"
          ]
        },
        {
          "index_key": "vmpass",
          "schema_version": 0,
          "attributes": {
            "content_type": "",
            "expiration_date": null,
            "id": "https://kv-xdeasdudhufsghkh.vault.azure.net/secrets/vmpass/4667ee73cb38406184e6eda6412979b6",
            "key_vault_id": "/subscriptions/c1753cec-8509-4a1d-8ca1-ce442c1375c2/resourceGroups/eis-dw-poc-rg/providers/Microsoft.KeyVault/vaults/kv-xdeasdudhufsghkh",
            "name": "vmpass",
            "not_before_date": null,
            "resource_id": "/subscriptions/c1753cec-8509-4a1d-8ca1-ce442c1375c2/resourceGroups/eis-dw-poc-rg/providers/Microsoft.KeyVault/vaults/kv-xdeasdudhufsghkh/secrets/vmpass/versions/4667ee73cb38406184e6eda6412979b6",
            "resource_versionless_id": "/subscriptions/c1753cec-8509-4a1d-8ca1-ce442c1375c2/resourceGroups/eis-dw-poc-rg/providers/Microsoft.KeyVault/vaults/kv-xdeasdudhufsghkh/secrets/vmpass",
            "tags": null,
            "timeouts": null,
            "value": "excc",
            "version": "4667ee73cb38406184e6eda6412979b6",
            "versionless_id": "https://kv-xdeasdudhufsghkh.vault.azure.net/secrets/vmpass"
          },
          "sensitive_attributes": [],
          "private": "eyJlMmJmYjczMC1lY2FhLTExZTYtOGY4OC0zNDM2M2JjN2M0YzAiOnsiY3JlYXRlIjoxODAwMDAwMDAwMDAwLCJkZWxldGUiOjE4MDAwMDAwMDAwMDAsInJlYWQiOjE4MDAwMDAwMDAwMDAsInVwZGF0ZSI6MTgwMDAwMDAwMDAwMH19",
          "dependencies": [
            "module.Keyvault.azurerm_key_vault.main",
            "module.Keyvault.data.azurerm_client_config.current",
            "module.resource_groups.azurerm_resource_group.resource_group",
            "module.resource_groups.data.azurerm_resource_group.resource_group"
          ]
        }
      ]
    },
    {
      "module": "module.resource_groups",
      "mode": "managed",
      "type": "azurerm_resource_group",
      "name": "resource_group",
      "provider": "provider[\"registry.terraform.io/hashicorp/azurerm\"]",
      "instances": [
        {
          "index_key": 0,
          "schema_version": 0,
          "attributes": {
            "id": "/subscriptions/c1753cec-8509-4a1d-8ca1-ce442c1375c2/resourceGroups/eis-dw-poc-rg",
            "location": "eastus",
            "name": "eis-dw-poc-rg",
            "tags": null,
            "timeouts": null
          },
          "sensitive_attributes": [],
          "private": "eyJlMmJmYjczMC1lY2FhLTExZTYtOGY4OC0zNDM2M2JjN2M0YzAiOnsiY3JlYXRlIjo1NDAwMDAwMDAwMDAwLCJkZWxldGUiOjU0MDAwMDAwMDAwMDAsInJlYWQiOjMwMDAwMDAwMDAwMCwidXBkYXRlIjo1NDAwMDAwMDAwMDAwfX0="
        }
      ]
    },
    {
      "module": "module.storage",
      "mode": "managed",
      "type": "azurerm_storage_account",
      "name": "storeacc",
      "provider": "provider[\"registry.terraform.io/hashicorp/azurerm\"]",
      "instances": [
        {
          "schema_version": 3,
          "attributes": {
            "access_tier": "Hot",
            "account_kind": "StorageV2",
            "account_replication_type": "RAGRS",
            "account_tier": "Standard",
            "allow_nested_items_to_be_public": true,
            "allowed_copy_scope": "",
            "azure_files_authentication": [],
            "blob_properties": [
              {
                "change_feed_enabled": false,
                "change_feed_retention_in_days": 0,
                "container_delete_retention_policy": [
                  {
                    "days": 7
                  }
                ],
                "cors_rule": [],
                "default_service_version": "",
                "delete_retention_policy": [
                  {
                    "days": 7
                  }
                ],
                "last_access_time_enabled": false,
                "restore_policy": [],
                "versioning_enabled": false
              }
            ],
            "cross_tenant_replication_enabled": true,
            "custom_domain": [],
            "customer_managed_key": [],
            "default_to_oauth_authentication": false,
            "edge_zone": "",
            "enable_https_traffic_only": true,
            "id": "/subscriptions/c1753cec-8509-4a1d-8ca1-ce442c1375c2/resourceGroups/eis-dw-poc-rg/providers/Microsoft.Storage/storageAccounts/eisdwpoc",
            "identity": [
              {
                "identity_ids": null,
                "principal_id": "bc9e973a-9c09-4cef-9768-ee21f7adcfea",
                "tenant_id": "5636e831-73e8-47e1-afb3-0759a6291660",
                "type": "SystemAssigned"
              }
            ],
            "immutability_policy": [],
            "infrastructure_encryption_enabled": false,
            "is_hns_enabled": false,
            "large_file_share_enabled": null,
            "location": "eastus",
            "min_tls_version": "TLS1_2",
            "name": "eisdwpoc",
            "network_rules": [
              {
                "bypass": [
                  "AzureServices"
                ],
                "default_action": "Allow",
                "ip_rules": [],
                "private_link_access": [],
                "virtual_network_subnet_ids": []
              }
            ],
            "nfsv3_enabled": false,
            "primary_access_key": "svICErsWA0sqDKV0vMBEfBEAOVk7+ycb7r2Av4ugl/8pI47zhkxEHKoFpPt6xBk7Y0rp+xhdVy/4+AStOH1+Bg==",
            "primary_blob_connection_string": "DefaultEndpointsProtocol=https;BlobEndpoint=https://eisdwpoc.blob.core.windows.net/;AccountName=eisdwpoc;AccountKey=svICErsWA0sqDKV0vMBEfBEAOVk7+ycb7r2Av4ugl/8pI47zhkxEHKoFpPt6xBk7Y0rp+xhdVy/4+AStOH1+Bg==",
            "primary_blob_endpoint": "https://eisdwpoc.blob.core.windows.net/",
            "primary_blob_host": "eisdwpoc.blob.core.windows.net",
            "primary_connection_string": "DefaultEndpointsProtocol=https;AccountName=eisdwpoc;AccountKey=svICErsWA0sqDKV0vMBEfBEAOVk7+ycb7r2Av4ugl/8pI47zhkxEHKoFpPt6xBk7Y0rp+xhdVy/4+AStOH1+Bg==;EndpointSuffix=core.windows.net",
            "primary_dfs_endpoint": "https://eisdwpoc.dfs.core.windows.net/",
            "primary_dfs_host": "eisdwpoc.dfs.core.windows.net",
            "primary_file_endpoint": "https://eisdwpoc.file.core.windows.net/",
            "primary_file_host": "eisdwpoc.file.core.windows.net",
            "primary_location": "eastus",
            "primary_queue_endpoint": "https://eisdwpoc.queue.core.windows.net/",
            "primary_queue_host": "eisdwpoc.queue.core.windows.net",
            "primary_table_endpoint": "https://eisdwpoc.table.core.windows.net/",
            "primary_table_host": "eisdwpoc.table.core.windows.net",
            "primary_web_endpoint": "https://eisdwpoc.z13.web.core.windows.net/",
            "primary_web_host": "eisdwpoc.z13.web.core.windows.net",
            "public_network_access_enabled": true,
            "queue_encryption_key_type": "Service",
            "queue_properties": [
              {
                "cors_rule": [],
                "hour_metrics": [
                  {
                    "enabled": true,
                    "include_apis": true,
                    "retention_policy_days": 7,
                    "version": "1.0"
                  }
                ],
                "logging": [
                  {
                    "delete": false,
                    "read": false,
                    "retention_policy_days": 0,
                    "version": "1.0",
                    "write": false
                  }
                ],
                "minute_metrics": [
                  {
                    "enabled": false,
                    "include_apis": false,
                    "retention_policy_days": 0,
                    "version": "1.0"
                  }
                ]
              }
            ],
            "resource_group_name": "eis-dw-poc-rg",
            "routing": [],
            "sas_policy": [],
            "secondary_access_key": "ptJLwptQ72Kwd/6ZPj9RFOpD3Ic7C9H66UW0uZ0eV2qJSyytZWeYShPgyrwPWBTDMPc3zdz6J4x8+ASt8zhtng==",
            "secondary_blob_connection_string": "DefaultEndpointsProtocol=https;BlobEndpoint=https://eisdwpoc-secondary.blob.core.windows.net/;AccountName=eisdwpoc;AccountKey=ptJLwptQ72Kwd/6ZPj9RFOpD3Ic7C9H66UW0uZ0eV2qJSyytZWeYShPgyrwPWBTDMPc3zdz6J4x8+ASt8zhtng==",
            "secondary_blob_endpoint": "https://eisdwpoc-secondary.blob.core.windows.net/",
            "secondary_blob_host": "eisdwpoc-secondary.blob.core.windows.net",
            "secondary_connection_string": "DefaultEndpointsProtocol=https;AccountName=eisdwpoc;AccountKey=ptJLwptQ72Kwd/6ZPj9RFOpD3Ic7C9H66UW0uZ0eV2qJSyytZWeYShPgyrwPWBTDMPc3zdz6J4x8+ASt8zhtng==;EndpointSuffix=core.windows.net",
            "secondary_dfs_endpoint": "https://eisdwpoc-secondary.dfs.core.windows.net/",
            "secondary_dfs_host": "eisdwpoc-secondary.dfs.core.windows.net",
            "secondary_file_endpoint": "",
            "secondary_file_host": "",
            "secondary_location": "westus",
            "secondary_queue_endpoint": "https://eisdwpoc-secondary.queue.core.windows.net/",
            "secondary_queue_host": "eisdwpoc-secondary.queue.core.windows.net",
            "secondary_table_endpoint": "https://eisdwpoc-secondary.table.core.windows.net/",
            "secondary_table_host": "eisdwpoc-secondary.table.core.windows.net",
            "secondary_web_endpoint": "https://eisdwpoc-secondary.z13.web.core.windows.net/",
            "secondary_web_host": "eisdwpoc-secondary.z13.web.core.windows.net",
            "sftp_enabled": false,
            "share_properties": [
              {
                "cors_rule": [],
                "retention_policy": [
                  {
                    "days": 7
                  }
                ],
                "smb": []
              }
            ],
            "shared_access_key_enabled": true,
            "static_website": [],
            "table_encryption_key_type": "Service",
            "tags": {
              "BusinessUnit": "CORP",
              "Env": "dev",
              "Owner": "user@example.com",
              "ProjectName": "demo-internal",
              "ServiceClass": "Gold"
            },
            "timeouts": null
          },
          "sensitive_attributes": [],
          "private": "eyJlMmJmYjczMC1lY2FhLTExZTYtOGY4OC0zNDM2M2JjN2M0YzAiOnsiY3JlYXRlIjozNjAwMDAwMDAwMDAwLCJkZWxldGUiOjM2MDAwMDAwMDAwMDAsInJlYWQiOjMwMDAwMDAwMDAwMCwidXBkYXRlIjozNjAwMDAwMDAwMDAwfSwic2NoZW1hX3ZlcnNpb24iOiIzIn0=",
          "dependencies": [
            "module.resource_groups.azurerm_resource_group.resource_group",
            "module.resource_groups.data.azurerm_resource_group.resource_group"
          ]
        }
      ]
    },
    {
      "module": "module.storage",
      "mode": "managed",
      "type": "azurerm_storage_container",
      "name": "container",
      "provider": "provider[\"registry.terraform.io/hashicorp/azurerm\"]",
      "instances": [
        {
          "index_key": 0,
          "schema_version": 1,
          "attributes": {
            "container_access_type": "private",
            "has_immutability_policy": false,
            "has_legal_hold": false,
            "id": "https://eisdwpoc.blob.core.windows.net/mystore250",
            "metadata": {},
            "name": "mystore250",
            "resource_manager_id": "/subscriptions/c1753cec-8509-4a1d-8ca1-ce442c1375c2/resourceGroups/eis-dw-poc-rg/providers/Microsoft.Storage/storageAccounts/eisdwpoc/blobServices/default/containers/mystore250",
            "storage_account_name": "eisdwpoc",
            "timeouts": null
          },
          "sensitive_attributes": [],
          "private": "eyJlMmJmYjczMC1lY2FhLTExZTYtOGY4OC0zNDM2M2JjN2M0YzAiOnsiY3JlYXRlIjoxODAwMDAwMDAwMDAwLCJkZWxldGUiOjE4MDAwMDAwMDAwMDAsInJlYWQiOjMwMDAwMDAwMDAwMCwidXBkYXRlIjoxODAwMDAwMDAwMDAwfSwic2NoZW1hX3ZlcnNpb24iOiIxIn0=",
          "dependencies": [
            "module.resource_groups.azurerm_resource_group.resource_group",
            "module.resource_groups.data.azurerm_resource_group.resource_group",
            "module.storage.azurerm_storage_account.storeacc"
          ]
        },
        {
          "index_key": 1,
          "schema_version": 1,
          "attributes": {
            "container_access_type": "blob",
            "has_immutability_policy": false,
            "has_legal_hold": false,
            "id": "https://eisdwpoc.blob.core.windows.net/blobstore251",
            "metadata": {},
            "name": "blobstore251",
            "resource_manager_id": "/subscriptions/c1753cec-8509-4a1d-8ca1-ce442c1375c2/resourceGroups/eis-dw-poc-rg/providers/Microsoft.Storage/storageAccounts/eisdwpoc/blobServices/default/containers/blobstore251",
            "storage_account_name": "eisdwpoc",
            "timeouts": null
          },
          "sensitive_attributes": [],
          "private": "eyJlMmJmYjczMC1lY2FhLTExZTYtOGY4OC0zNDM2M2JjN2M0YzAiOnsiY3JlYXRlIjoxODAwMDAwMDAwMDAwLCJkZWxldGUiOjE4MDAwMDAwMDAwMDAsInJlYWQiOjMwMDAwMDAwMDAwMCwidXBkYXRlIjoxODAwMDAwMDAwMDAwfSwic2NoZW1hX3ZlcnNpb24iOiIxIn0=",
          "dependencies": [
            "module.resource_groups.azurerm_resource_group.resource_group",
            "module.resource_groups.data.azurerm_resource_group.resource_group",
            "module.storage.azurerm_storage_account.storeacc"
          ]
        },
        {
          "index_key": 2,
          "schema_version": 1,
          "attributes": {
            "container_access_type": "container",
            "has_immutability_policy": false,
            "has_legal_hold": false,
            "id": "https://eisdwpoc.blob.core.windows.net/containter252",
            "metadata": {},
            "name": "containter252",
            "resource_manager_id": "/subscriptions/c1753cec-8509-4a1d-8ca1-ce442c1375c2/resourceGroups/eis-dw-poc-rg/providers/Microsoft.Storage/storageAccounts/eisdwpoc/blobServices/default/containers/containter252",
            "storage_account_name": "eisdwpoc",
            "timeouts": null
          },
          "sensitive_attributes": [],
          "private": "eyJlMmJmYjczMC1lY2FhLTExZTYtOGY4OC0zNDM2M2JjN2M0YzAiOnsiY3JlYXRlIjoxODAwMDAwMDAwMDAwLCJkZWxldGUiOjE4MDAwMDAwMDAwMDAsInJlYWQiOjMwMDAwMDAwMDAwMCwidXBkYXRlIjoxODAwMDAwMDAwMDAwfSwic2NoZW1hX3ZlcnNpb24iOiIxIn0=",
          "dependencies": [
            "module.resource_groups.azurerm_resource_group.resource_group",
            "module.resource_groups.data.azurerm_resource_group.resource_group",
            "module.storage.azurerm_storage_account.storeacc"
          ]
        }
      ]
    },
    {
      "module": "module.storage",
      "mode": "managed",
      "type": "azurerm_storage_management_policy",
      "name": "lcpolicy",
      "provider": "provider[\"registry.terraform.io/hashicorp/azurerm\"]",
      "instances": [
        {
          "index_key": 0,
          "schema_version": 0,
          "attributes": {
            "id": "/subscriptions/c1753cec-8509-4a1d-8ca1-ce442c1375c2/resourceGroups/eis-dw-poc-rg/providers/Microsoft.Storage/storageAccounts/eisdwpoc/managementPolicies/default",
            "rule": [
              {
                "actions": [
                  {
                    "base_blob": [
                      {
                        "delete_after_days_since_creation_greater_than": -1,
                        "delete_after_days_since_last_access_time_greater_than": -1,
                        "delete_after_days_since_modification_greater_than": 100,
                        "tier_to_archive_after_days_since_creation_greater_than": -1,
                        "tier_to_archive_after_days_since_last_access_time_greater_than": -1,
                        "tier_to_archive_after_days_since_last_tier_change_greater_than": -1,
                        "tier_to_archive_after_days_since_modification_greater_than": 50,
                        "tier_to_cool_after_days_since_creation_greater_than": -1,
                        "tier_to_cool_after_days_since_last_access_time_greater_than": -1,
                        "tier_to_cool_after_days_since_modification_greater_than": 0
                      }
                    ],
                    "snapshot": [
                      {
                        "change_tier_to_archive_after_days_since_creation": -1,
                        "change_tier_to_cool_after_days_since_creation": -1,
                        "delete_after_days_since_creation_greater_than": 30,
                        "tier_to_archive_after_days_since_last_tier_change_greater_than": -1
                      }
                    ],
                    "version": []
                  }
                ],
                "enabled": true,
                "filters": [
                  {
                    "blob_types": [
                      "blockBlob"
                    ],
                    "match_blob_index_tag": [],
                    "prefix_match": [
                      "mystore250/folder_path"
                    ]
                  }
                ],
                "name": "rule0"
              },
              {
                "actions": [
                  {
                    "base_blob": [
                      {
                        "delete_after_days_since_creation_greater_than": -1,
                        "delete_after_days_since_last_access_time_greater_than": -1,
                        "delete_after_days_since_modification_greater_than": 75,
                        "tier_to_archive_after_days_since_creation_greater_than": -1,
                        "tier_to_archive_after_days_since_last_access_time_greater_than": -1,
                        "tier_to_archive_after_days_since_last_tier_change_greater_than": -1,
                        "tier_to_archive_after_days_since_modification_greater_than": 30,
                        "tier_to_cool_after_days_since_creation_greater_than": -1,
                        "tier_to_cool_after_days_since_last_access_time_greater_than": -1,
                        "tier_to_cool_after_days_since_modification_greater_than": 0
                      }
                    ],
                    "snapshot": [
                      {
                        "change_tier_to_archive_after_days_since_creation": -1,
                        "change_tier_to_cool_after_days_since_creation": -1,
                        "delete_after_days_since_creation_greater_than": 30,
                        "tier_to_archive_after_days_since_last_tier_change_greater_than": -1
                      }
                    ],
                    "version": []
                  }
                ],
                "enabled": true,
                "filters": [
                  {
                    "blob_types": [
                      "blockBlob"
                    ],
                    "match_blob_index_tag": [],
                    "prefix_match": [
                      "blobstore251/another_path"
                    ]
                  }
                ],
                "name": "rule1"
              }
            ],
            "storage_account_id": "/subscriptions/c1753cec-8509-4a1d-8ca1-ce442c1375c2/resourceGroups/eis-dw-poc-rg/providers/Microsoft.Storage/storageAccounts/eisdwpoc",
            "timeouts": null
          },
          "sensitive_attributes": [],
          "private": "eyJlMmJmYjczMC1lY2FhLTExZTYtOGY4OC0zNDM2M2JjN2M0YzAiOnsiY3JlYXRlIjoxODAwMDAwMDAwMDAwLCJkZWxldGUiOjE4MDAwMDAwMDAwMDAsInJlYWQiOjMwMDAwMDAwMDAwMCwidXBkYXRlIjoxODAwMDAwMDAwMDAwfX0=",
          "dependencies": [
            "module.resource_groups.azurerm_resource_group.resource_group",
            "module.resource_groups.data.azurerm_resource_group.resource_group",
            "module.storage.azurerm_storage_account.storeacc"
          ]
        }
      ]
    }
  ]
}
